{
  "name": "test-app",
  "version": "1.0.0",
  "lockfileVersion": 3,
  "requires": true,
  "packages": {
    "": {
      "name": "test-app",
      "version": "1.0.0",
      "license": "ISC",
      "dependencies": {
        "network-route-planner": "^1.0.0"
      }
    },
    "node_modules/network-route-planner": {
      "version": "1.0.0",
      "resolved": "https://registry.npmjs.org/network-route-planner/-/network-route-planner-1.0.0.tgz",
      "integrity": "sha512-OWbQ3E+Mts+unR5lON3xWyK/cllxHogWQ6uSNzVfQj9J3r4HOEv/n17NUXVSniAwMBYDnfrt28XhMmUedKaoMw==",
      "license": "MIT"
    }
  }
}
